
Microsoft Visual Studio Solution File, Format Version 12.00
# Visual Studio 15
VisualStudioVersion = 15.0.27130.2010
MinimumVisualStudioVersion = 10.0.40219.1
Project("{FAE04EC0-301F-11D3-BF4B-00C04F79EFBC}") = "Business", "Business.csproj", "{A534CAB8-2BAC-488A-9FAF-6C071F72BEDB}"
EndProject
Global
	GlobalSection(SolutionConfigurationPlatforms) = preSolution
		Debug|Any CPU = Debug|Any CPU
		Release|Any CPU = Release|Any CPU
	EndGlobalSection
	GlobalSection(ProjectConfigurationPlatforms) = postSolution
		{A534CAB8-2BAC-488A-9FAF-6C071F72BEDB}.Debug|Any CPU.ActiveCfg = Debug|Any CPU
		{A534CAB8-2BAC-488A-9FAF-6C071F72BEDB}.Debug|Any CPU.Build.0 = Debug|Any CPU
		{A534CAB8-2BAC-488A-9FAF-6C071F72BEDB}.Release|Any CPU.ActiveCfg = Release|Any CPU
		{A534CAB8-2BAC-488A-9FAF-6C071F72BEDB}.Release|Any CPU.Build.0 = Release|Any CPU
	EndGlobalSection
	GlobalSection(SolutionProperties) = preSolution
		HideSolutionNode = FALSE
	EndGlobalSection
	GlobalSection(ExtensibilityGlobals) = postSolution
		SolutionGuid = {20B2F608-D753-42D3-83C8-23ADD189CCEF}
	EndGlobalSection
EndGlobal
