
Microsoft Visual Studio Solution File, Format Version 12.00
# Visual Studio 15
VisualStudioVersion = 15.0.27130.2010
MinimumVisualStudioVersion = 10.0.40219.1
Project("{9A19103F-16F7-4668-BE54-9A1E7A4F7556}") = "ASP", "ASP.csproj", "{490F2CC3-D69E-40F5-BD73-024D3F6ED6BD}"
EndProject
Global
	GlobalSection(SolutionConfigurationPlatforms) = preSolution
		Debug|Any CPU = Debug|Any CPU
		Release|Any CPU = Release|Any CPU
	EndGlobalSection
	GlobalSection(ProjectConfigurationPlatforms) = postSolution
		{490F2CC3-D69E-40F5-BD73-024D3F6ED6BD}.Debug|Any CPU.ActiveCfg = Debug|Any CPU
		{490F2CC3-D69E-40F5-BD73-024D3F6ED6BD}.Debug|Any CPU.Build.0 = Debug|Any CPU
		{490F2CC3-D69E-40F5-BD73-024D3F6ED6BD}.Release|Any CPU.ActiveCfg = Release|Any CPU
		{490F2CC3-D69E-40F5-BD73-024D3F6ED6BD}.Release|Any CPU.Build.0 = Release|Any CPU
	EndGlobalSection
	GlobalSection(SolutionProperties) = preSolution
		HideSolutionNode = FALSE
	EndGlobalSection
	GlobalSection(ExtensibilityGlobals) = postSolution
		SolutionGuid = {75DB4120-9FF9-40C0-B69B-57D14F193B04}
	EndGlobalSection
EndGlobal
