
Microsoft Visual Studio Solution File, Format Version 12.00
# Visual Studio 15
VisualStudioVersion = 15.0.27130.2010
MinimumVisualStudioVersion = 10.0.40219.1
Project("{9A19103F-16F7-4668-BE54-9A1E7A4F7556}") = "ASP", "ASP.csproj", "{04858B9D-D3BE-4E5C-8310-0EAB1108CD68}"
EndProject
Global
	GlobalSection(SolutionConfigurationPlatforms) = preSolution
		Debug|Any CPU = Debug|Any CPU
		Release|Any CPU = Release|Any CPU
	EndGlobalSection
	GlobalSection(ProjectConfigurationPlatforms) = postSolution
		{04858B9D-D3BE-4E5C-8310-0EAB1108CD68}.Debug|Any CPU.ActiveCfg = Debug|Any CPU
		{04858B9D-D3BE-4E5C-8310-0EAB1108CD68}.Debug|Any CPU.Build.0 = Debug|Any CPU
		{04858B9D-D3BE-4E5C-8310-0EAB1108CD68}.Release|Any CPU.ActiveCfg = Release|Any CPU
		{04858B9D-D3BE-4E5C-8310-0EAB1108CD68}.Release|Any CPU.Build.0 = Release|Any CPU
	EndGlobalSection
	GlobalSection(SolutionProperties) = preSolution
		HideSolutionNode = FALSE
	EndGlobalSection
	GlobalSection(ExtensibilityGlobals) = postSolution
		SolutionGuid = {7117E891-E723-464E-8975-0132C334FFC5}
	EndGlobalSection
EndGlobal
