
Microsoft Visual Studio Solution File, Format Version 12.00
# Visual Studio 15
VisualStudioVersion = 15.0.27130.2010
MinimumVisualStudioVersion = 10.0.40219.1
Project("{9A19103F-16F7-4668-BE54-9A1E7A4F7556}") = "ASP", "ASP.csproj", "{557A0062-17EB-4293-9A5D-4AF0AB715B4C}"
EndProject
Global
	GlobalSection(SolutionConfigurationPlatforms) = preSolution
		Debug|Any CPU = Debug|Any CPU
		Release|Any CPU = Release|Any CPU
	EndGlobalSection
	GlobalSection(ProjectConfigurationPlatforms) = postSolution
		{557A0062-17EB-4293-9A5D-4AF0AB715B4C}.Debug|Any CPU.ActiveCfg = Debug|Any CPU
		{557A0062-17EB-4293-9A5D-4AF0AB715B4C}.Debug|Any CPU.Build.0 = Debug|Any CPU
		{557A0062-17EB-4293-9A5D-4AF0AB715B4C}.Release|Any CPU.ActiveCfg = Release|Any CPU
		{557A0062-17EB-4293-9A5D-4AF0AB715B4C}.Release|Any CPU.Build.0 = Release|Any CPU
	EndGlobalSection
	GlobalSection(SolutionProperties) = preSolution
		HideSolutionNode = FALSE
	EndGlobalSection
	GlobalSection(ExtensibilityGlobals) = postSolution
		SolutionGuid = {797BEEA6-E8F9-4278-9788-2554E7608978}
	EndGlobalSection
EndGlobal
