
Microsoft Visual Studio Solution File, Format Version 12.00
# Visual Studio 15
VisualStudioVersion = 15.0.27130.2010
MinimumVisualStudioVersion = 10.0.40219.1
Project("{2150E333-8FDC-42A3-9474-1A3956D46DE8}") = "Solution Items", "Solution Items", "{5B382604-C6DA-414F-897F-492A50E6BFC3}"
	ProjectSection(SolutionItems) = preProject
		Global.json = Global.json
		History.txt = History.txt
		README.md = README.md
		Solution.json = Solution.json
	EndProjectSection
EndProject
Project("{00D1A9C2-B5F0-4AF3-8072-F6C62B433612}") = "Database", "Database\Database.sqlproj", "{8387F5DF-8268-4ADA-AEC2-AB0F97079032}"
EndProject
Project("{FAE04EC0-301F-11D3-BF4B-00C04F79EFBC}") = "Contract", "Contract\Contract.csproj", "{B17B8D3D-D19B-4AE8-98FA-7F21CF465CA2}"
EndProject
Project("{FAE04EC0-301F-11D3-BF4B-00C04F79EFBC}") = "Data", "Data\Data.csproj", "{4698DCF8-D498-40F7-8E1B-11E3304CE6C7}"
EndProject
Project("{FAE04EC0-301F-11D3-BF4B-00C04F79EFBC}") = "Business", "Business\Business.csproj", "{099F55EA-FAB9-4394-B053-B17D00BF65C8}"
EndProject
Project("{FAE04EC0-301F-11D3-BF4B-00C04F79EFBC}") = "Proxy", "Proxy\Proxy.csproj", "{CC9B330C-6051-4285-A5C4-58B3CC125D05}"
EndProject
Project("{FAE04EC0-301F-11D3-BF4B-00C04F79EFBC}") = "WinForm", "WinForm\WinForm.csproj", "{796407A0-2A06-4402-B73B-ABFB370FE3EB}"
EndProject
Project("{FAE04EC0-301F-11D3-BF4B-00C04F79EFBC}") = "Web", "Web\Web.csproj", "{5CE84368-D913-4133-8A08-9DBED68DE0DA}"
EndProject
Project("{9A19103F-16F7-4668-BE54-9A1E7A4F7556}") = "ASP", "ASP\ASP.csproj", "{BBDACD51-A754-4485-AD94-FB4BF63A7AF9}"
EndProject
Project("{9A19103F-16F7-4668-BE54-9A1E7A4F7556}") = "DatabaseManager", "DatabaseManager\DatabaseManager.csproj", "{0DD06E07-B018-4F76-9475-4B20EF11248C}"
EndProject
Project("{54435603-DBB4-11D2-8724-00A0C9A8B90C}") = "PrototypeDotNetFrameworkSetup", "WindowsSetup\WindowsSetup.vdproj", "{A4DEE2DC-EEF1-4B1B-9905-1EE06BDF9A4D}"
EndProject
Project("{FAE04EC0-301F-11D3-BF4B-00C04F79EFBC}") = "Test", "Test\Test.csproj", "{8AC8ADDD-4B97-4847-8BEF-CF9C014E2F94}"
EndProject
Project("{2150E333-8FDC-42A3-9474-1A3956D46DE8}") = "database", "database", "{169AADDB-7057-4AA5-B4B3-6E4ECC5502DF}"
EndProject
Project("{2150E333-8FDC-42A3-9474-1A3956D46DE8}") = "dotNetFramework", "dotNetFramework", "{B7D3B232-B944-454D-AD34-85356B23993D}"
EndProject
Project("{2150E333-8FDC-42A3-9474-1A3956D46DE8}") = "dotNetCore", "dotNetCore", "{10BF783B-3376-4343-AD21-4F3FCE92DE8C}"
EndProject
Global
	GlobalSection(SolutionConfigurationPlatforms) = preSolution
		Debug|Any CPU = Debug|Any CPU
		Release|Any CPU = Release|Any CPU
	EndGlobalSection
	GlobalSection(NestedProjects) = preSolution
		{8ac8addd-4b97-4847-8bef-cf9c014e2f94} = {b7d3b232-b944-454d-ad34-85356b23993d}
		{a4dee2dc-eef1-4b1b-9905-1ee06bdf9a4d} = {b7d3b232-b944-454d-ad34-85356b23993d}
		{0dd06e07-b018-4f76-9475-4b20ef11248c} = {169aaddb-7057-4aa5-b4b3-6e4ecc5502df}
		{bbdacd51-a754-4485-ad94-fb4bf63a7af9} = {10bf783b-3376-4343-ad21-4f3fce92de8c}
		{5ce84368-d913-4133-8a08-9dbed68de0da} = {b7d3b232-b944-454d-ad34-85356b23993d}
		{796407a0-2a06-4402-b73b-abfb370fe3eb} = {b7d3b232-b944-454d-ad34-85356b23993d}
		{cc9b330c-6051-4285-a5c4-58b3cc125d05} = {b7d3b232-b944-454d-ad34-85356b23993d}
		{099f55ea-fab9-4394-b053-b17d00bf65c8} = {b7d3b232-b944-454d-ad34-85356b23993d}
		{4698dcf8-d498-40f7-8e1b-11e3304ce6c7} = {b7d3b232-b944-454d-ad34-85356b23993d}
		{b17b8d3d-d19b-4ae8-98fa-7f21cf465ca2} = {b7d3b232-b944-454d-ad34-85356b23993d}
		{8387f5df-8268-4ada-aec2-ab0f97079032} = {169aaddb-7057-4aa5-b4b3-6e4ecc5502df}
	EndGlobalSection
	GlobalSection(ProjectConfigurationPlatforms) = postSolution
		{8387F5DF-8268-4ADA-AEC2-AB0F97079032}.Debug|Any CPU.ActiveCfg = Debug|Any CPU
		{8387F5DF-8268-4ADA-AEC2-AB0F97079032}.Debug|Any CPU.Build.0 = Debug|Any CPU
		{8387F5DF-8268-4ADA-AEC2-AB0F97079032}.Debug|Any CPU.Deploy.0 = Debug|Any CPU
		{8387F5DF-8268-4ADA-AEC2-AB0F97079032}.Release|Any CPU.ActiveCfg = Release|Any CPU
		{8387F5DF-8268-4ADA-AEC2-AB0F97079032}.Release|Any CPU.Build.0 = Release|Any CPU
		{8387F5DF-8268-4ADA-AEC2-AB0F97079032}.Release|Any CPU.Deploy.0 = Release|Any CPU
		{B17B8D3D-D19B-4AE8-98FA-7F21CF465CA2}.Debug|Any CPU.ActiveCfg = Debug|Any CPU
		{B17B8D3D-D19B-4AE8-98FA-7F21CF465CA2}.Debug|Any CPU.Build.0 = Debug|Any CPU
		{B17B8D3D-D19B-4AE8-98FA-7F21CF465CA2}.Release|Any CPU.ActiveCfg = Release|Any CPU
		{B17B8D3D-D19B-4AE8-98FA-7F21CF465CA2}.Release|Any CPU.Build.0 = Release|Any CPU
		{4698DCF8-D498-40F7-8E1B-11E3304CE6C7}.Debug|Any CPU.ActiveCfg = Debug|Any CPU
		{4698DCF8-D498-40F7-8E1B-11E3304CE6C7}.Debug|Any CPU.Build.0 = Debug|Any CPU
		{4698DCF8-D498-40F7-8E1B-11E3304CE6C7}.Release|Any CPU.ActiveCfg = Release|Any CPU
		{4698DCF8-D498-40F7-8E1B-11E3304CE6C7}.Release|Any CPU.Build.0 = Release|Any CPU
		{099F55EA-FAB9-4394-B053-B17D00BF65C8}.Debug|Any CPU.ActiveCfg = Debug|Any CPU
		{099F55EA-FAB9-4394-B053-B17D00BF65C8}.Debug|Any CPU.Build.0 = Debug|Any CPU
		{099F55EA-FAB9-4394-B053-B17D00BF65C8}.Release|Any CPU.ActiveCfg = Release|Any CPU
		{099F55EA-FAB9-4394-B053-B17D00BF65C8}.Release|Any CPU.Build.0 = Release|Any CPU
		{CC9B330C-6051-4285-A5C4-58B3CC125D05}.Debug|Any CPU.ActiveCfg = Debug|Any CPU
		{CC9B330C-6051-4285-A5C4-58B3CC125D05}.Debug|Any CPU.Build.0 = Debug|Any CPU
		{CC9B330C-6051-4285-A5C4-58B3CC125D05}.Release|Any CPU.ActiveCfg = Release|Any CPU
		{CC9B330C-6051-4285-A5C4-58B3CC125D05}.Release|Any CPU.Build.0 = Release|Any CPU
		{796407A0-2A06-4402-B73B-ABFB370FE3EB}.Debug|Any CPU.ActiveCfg = Debug|Any CPU
		{796407A0-2A06-4402-B73B-ABFB370FE3EB}.Debug|Any CPU.Build.0 = Debug|Any CPU
		{796407A0-2A06-4402-B73B-ABFB370FE3EB}.Release|Any CPU.ActiveCfg = Release|Any CPU
		{796407A0-2A06-4402-B73B-ABFB370FE3EB}.Release|Any CPU.Build.0 = Release|Any CPU
		{5CE84368-D913-4133-8A08-9DBED68DE0DA}.Debug|Any CPU.ActiveCfg = Debug|Any CPU
		{5CE84368-D913-4133-8A08-9DBED68DE0DA}.Debug|Any CPU.Build.0 = Debug|Any CPU
		{5CE84368-D913-4133-8A08-9DBED68DE0DA}.Release|Any CPU.ActiveCfg = Release|Any CPU
		{5CE84368-D913-4133-8A08-9DBED68DE0DA}.Release|Any CPU.Build.0 = Release|Any CPU
		{BBDACD51-A754-4485-AD94-FB4BF63A7AF9}.Debug|Any CPU.ActiveCfg = Debug|Any CPU
		{BBDACD51-A754-4485-AD94-FB4BF63A7AF9}.Debug|Any CPU.Build.0 = Debug|Any CPU
		{BBDACD51-A754-4485-AD94-FB4BF63A7AF9}.Release|Any CPU.ActiveCfg = Release|Any CPU
		{BBDACD51-A754-4485-AD94-FB4BF63A7AF9}.Release|Any CPU.Build.0 = Release|Any CPU
		{0DD06E07-B018-4F76-9475-4B20EF11248C}.Debug|Any CPU.ActiveCfg = Debug|Any CPU
		{0DD06E07-B018-4F76-9475-4B20EF11248C}.Debug|Any CPU.Build.0 = Debug|Any CPU
		{0DD06E07-B018-4F76-9475-4B20EF11248C}.Release|Any CPU.ActiveCfg = Release|Any CPU
		{0DD06E07-B018-4F76-9475-4B20EF11248C}.Release|Any CPU.Build.0 = Release|Any CPU
		{A4DEE2DC-EEF1-4B1B-9905-1EE06BDF9A4D}.Debug|Any CPU.ActiveCfg = Debug
		{A4DEE2DC-EEF1-4B1B-9905-1EE06BDF9A4D}.Debug|Any CPU.Build.0 = Debug
		{A4DEE2DC-EEF1-4B1B-9905-1EE06BDF9A4D}.Release|Any CPU.ActiveCfg = Release
		{A4DEE2DC-EEF1-4B1B-9905-1EE06BDF9A4D}.Release|Any CPU.Build.0 = Release
		{8AC8ADDD-4B97-4847-8BEF-CF9C014E2F94}.Debug|Any CPU.ActiveCfg = Debug|Any CPU
		{8AC8ADDD-4B97-4847-8BEF-CF9C014E2F94}.Debug|Any CPU.Build.0 = Debug|Any CPU
		{8AC8ADDD-4B97-4847-8BEF-CF9C014E2F94}.Release|Any CPU.ActiveCfg = Release|Any CPU
		{8AC8ADDD-4B97-4847-8BEF-CF9C014E2F94}.Release|Any CPU.Build.0 = Release|Any CPU
	EndGlobalSection
	GlobalSection(SolutionProperties) = preSolution
		HideSolutionNode = FALSE
	EndGlobalSection
	GlobalSection(ExtensibilityGlobals) = postSolution
		SolutionGuid = {41D4E2A4-C07B-4B9B-9DA0-7DE7C98B57E7}
	EndGlobalSection
EndGlobal
