
Microsoft Visual Studio Solution File, Format Version 12.00
# Visual Studio 15
VisualStudioVersion = 15.0.27130.2010
MinimumVisualStudioVersion = 10.0.40219.1
Project("{2150E333-8FDC-42A3-9474-1A3956D46DE8}") = "Solution Items", "Solution Items", "{5B382604-C6DA-414F-897F-492A50E6BFC3}"
	ProjectSection(SolutionItems) = preProject
		Global.json = Global.json
		History.txt = History.txt
		README.md = README.md
		Solution.json = Solution.json
	EndProjectSection
EndProject
Project("{00D1A9C2-B5F0-4AF3-8072-F6C62B433612}") = "Database", "Database\Database.sqlproj", "{12E0B9FA-9FFB-4E38-A6A8-F43BCEE66DC5}"
EndProject
Project("{FAE04EC0-301F-11D3-BF4B-00C04F79EFBC}") = "Contract", "Contract\Contract.csproj", "{DB217E5E-7072-49E1-83DE-E9BF02B925D4}"
EndProject
Project("{FAE04EC0-301F-11D3-BF4B-00C04F79EFBC}") = "Data", "Data\Data.csproj", "{EAE3349D-FCE1-4599-A939-01263586923C}"
EndProject
Project("{FAE04EC0-301F-11D3-BF4B-00C04F79EFBC}") = "Business", "Business\Business.csproj", "{F2D62B69-C064-4168-8635-D66DFC77ED9D}"
EndProject
Project("{FAE04EC0-301F-11D3-BF4B-00C04F79EFBC}") = "Proxy", "Proxy\Proxy.csproj", "{EBD0D7E1-20E9-43CE-95BC-17F9454A2B6F}"
EndProject
Project("{FAE04EC0-301F-11D3-BF4B-00C04F79EFBC}") = "WinForm", "WinForm\WinForm.csproj", "{B5100518-0D0F-418A-842C-C0BE0C0930B0}"
EndProject
Project("{FAE04EC0-301F-11D3-BF4B-00C04F79EFBC}") = "Web", "Web\Web.csproj", "{C9F9F206-5C2C-4B5B-B542-40B126484C0D}"
EndProject
Project("{9A19103F-16F7-4668-BE54-9A1E7A4F7556}") = "ASP", "ASP\ASP.csproj", "{FD39FA60-2558-4FBC-803D-3A4DCD80BDF9}"
EndProject
Project("{9A19103F-16F7-4668-BE54-9A1E7A4F7556}") = "DatabaseManager", "DatabaseManager\DatabaseManager.csproj", "{0DD06E07-B018-4F76-9475-4B20EF11248C}"
EndProject
Project("{978C614F-708E-4E1A-B201-565925725DBA}") = "WindowsSetup", "WindowsSetup\WindowsSetup.vdproj", "{A4DEE2DC-EEF1-4B1B-9905-1EE06BDF9A4D}"
EndProject
Project("{FAE04EC0-301F-11D3-BF4B-00C04F79EFBC}") = "Test", "Test\Test.csproj", "{8AC8ADDD-4B97-4847-8BEF-CF9C014E2F94}"
EndProject
Project("{2150E333-8FDC-42A3-9474-1A3956D46DE8}") = "database", "database", "{0009743B-BE2A-4BED-BBDF-298223C0DDB2}"
EndProject
Project("{2150E333-8FDC-42A3-9474-1A3956D46DE8}") = "dotNetFramework", "dotNetFramework", "{9601208F-D97F-431B-AD21-AD998AE41F90}"
EndProject
Project("{2150E333-8FDC-42A3-9474-1A3956D46DE8}") = "dotNetCore", "dotNetCore", "{89F22DA4-ABB8-4BD8-9F8E-DFE94BCEE250}"
EndProject
Global
	GlobalSection(SolutionConfigurationPlatforms) = preSolution
		Debug|Any CPU = Debug|Any CPU
		Release|Any CPU = Release|Any CPU
	EndGlobalSection
	GlobalSection(NestedProjects) = preSolution
		{8ac8addd-4b97-4847-8bef-cf9c014e2f94} = {9601208f-d97f-431b-ad21-ad998ae41f90}
		{a4dee2dc-eef1-4b1b-9905-1ee06bdf9a4d} = {9601208f-d97f-431b-ad21-ad998ae41f90}
		{0dd06e07-b018-4f76-9475-4b20ef11248c} = {0009743b-be2a-4bed-bbdf-298223c0ddb2}
		{fd39fa60-2558-4fbc-803d-3a4dcd80bdf9} = {89f22da4-abb8-4bd8-9f8e-dfe94bcee250}
		{c9f9f206-5c2c-4b5b-b542-40b126484c0d} = {9601208f-d97f-431b-ad21-ad998ae41f90}
		{b5100518-0d0f-418a-842c-c0be0c0930b0} = {9601208f-d97f-431b-ad21-ad998ae41f90}
		{ebd0d7e1-20e9-43ce-95bc-17f9454a2b6f} = {9601208f-d97f-431b-ad21-ad998ae41f90}
		{f2d62b69-c064-4168-8635-d66dfc77ed9d} = {9601208f-d97f-431b-ad21-ad998ae41f90}
		{eae3349d-fce1-4599-a939-01263586923c} = {9601208f-d97f-431b-ad21-ad998ae41f90}
		{db217e5e-7072-49e1-83de-e9bf02b925d4} = {9601208f-d97f-431b-ad21-ad998ae41f90}
		{12e0b9fa-9ffb-4e38-a6a8-f43bcee66dc5} = {0009743b-be2a-4bed-bbdf-298223c0ddb2}
	EndGlobalSection
	GlobalSection(ProjectConfigurationPlatforms) = postSolution
		{12E0B9FA-9FFB-4E38-A6A8-F43BCEE66DC5}.Debug|Any CPU.ActiveCfg = Debug|Any CPU
		{12E0B9FA-9FFB-4E38-A6A8-F43BCEE66DC5}.Debug|Any CPU.Build.0 = Debug|Any CPU
		{12E0B9FA-9FFB-4E38-A6A8-F43BCEE66DC5}.Debug|Any CPU.Deploy.0 = Debug|Any CPU
		{12E0B9FA-9FFB-4E38-A6A8-F43BCEE66DC5}.Release|Any CPU.ActiveCfg = Release|Any CPU
		{12E0B9FA-9FFB-4E38-A6A8-F43BCEE66DC5}.Release|Any CPU.Build.0 = Release|Any CPU
		{12E0B9FA-9FFB-4E38-A6A8-F43BCEE66DC5}.Release|Any CPU.Deploy.0 = Release|Any CPU
		{DB217E5E-7072-49E1-83DE-E9BF02B925D4}.Debug|Any CPU.ActiveCfg = Debug|Any CPU
		{DB217E5E-7072-49E1-83DE-E9BF02B925D4}.Debug|Any CPU.Build.0 = Debug|Any CPU
		{DB217E5E-7072-49E1-83DE-E9BF02B925D4}.Release|Any CPU.ActiveCfg = Release|Any CPU
		{DB217E5E-7072-49E1-83DE-E9BF02B925D4}.Release|Any CPU.Build.0 = Release|Any CPU
		{EAE3349D-FCE1-4599-A939-01263586923C}.Debug|Any CPU.ActiveCfg = Debug|Any CPU
		{EAE3349D-FCE1-4599-A939-01263586923C}.Debug|Any CPU.Build.0 = Debug|Any CPU
		{EAE3349D-FCE1-4599-A939-01263586923C}.Release|Any CPU.ActiveCfg = Release|Any CPU
		{EAE3349D-FCE1-4599-A939-01263586923C}.Release|Any CPU.Build.0 = Release|Any CPU
		{F2D62B69-C064-4168-8635-D66DFC77ED9D}.Debug|Any CPU.ActiveCfg = Debug|Any CPU
		{F2D62B69-C064-4168-8635-D66DFC77ED9D}.Debug|Any CPU.Build.0 = Debug|Any CPU
		{F2D62B69-C064-4168-8635-D66DFC77ED9D}.Release|Any CPU.ActiveCfg = Release|Any CPU
		{F2D62B69-C064-4168-8635-D66DFC77ED9D}.Release|Any CPU.Build.0 = Release|Any CPU
		{EBD0D7E1-20E9-43CE-95BC-17F9454A2B6F}.Debug|Any CPU.ActiveCfg = Debug|Any CPU
		{EBD0D7E1-20E9-43CE-95BC-17F9454A2B6F}.Debug|Any CPU.Build.0 = Debug|Any CPU
		{EBD0D7E1-20E9-43CE-95BC-17F9454A2B6F}.Release|Any CPU.ActiveCfg = Release|Any CPU
		{EBD0D7E1-20E9-43CE-95BC-17F9454A2B6F}.Release|Any CPU.Build.0 = Release|Any CPU
		{B5100518-0D0F-418A-842C-C0BE0C0930B0}.Debug|Any CPU.ActiveCfg = Debug|Any CPU
		{B5100518-0D0F-418A-842C-C0BE0C0930B0}.Debug|Any CPU.Build.0 = Debug|Any CPU
		{B5100518-0D0F-418A-842C-C0BE0C0930B0}.Release|Any CPU.ActiveCfg = Release|Any CPU
		{B5100518-0D0F-418A-842C-C0BE0C0930B0}.Release|Any CPU.Build.0 = Release|Any CPU
		{C9F9F206-5C2C-4B5B-B542-40B126484C0D}.Debug|Any CPU.ActiveCfg = Debug|Any CPU
		{C9F9F206-5C2C-4B5B-B542-40B126484C0D}.Debug|Any CPU.Build.0 = Debug|Any CPU
		{C9F9F206-5C2C-4B5B-B542-40B126484C0D}.Release|Any CPU.ActiveCfg = Release|Any CPU
		{C9F9F206-5C2C-4B5B-B542-40B126484C0D}.Release|Any CPU.Build.0 = Release|Any CPU
		{FD39FA60-2558-4FBC-803D-3A4DCD80BDF9}.Debug|Any CPU.ActiveCfg = Debug|Any CPU
		{FD39FA60-2558-4FBC-803D-3A4DCD80BDF9}.Debug|Any CPU.Build.0 = Debug|Any CPU
		{FD39FA60-2558-4FBC-803D-3A4DCD80BDF9}.Release|Any CPU.ActiveCfg = Release|Any CPU
		{FD39FA60-2558-4FBC-803D-3A4DCD80BDF9}.Release|Any CPU.Build.0 = Release|Any CPU
		{0DD06E07-B018-4F76-9475-4B20EF11248C}.Debug|Any CPU.ActiveCfg = Debug|Any CPU
		{0DD06E07-B018-4F76-9475-4B20EF11248C}.Debug|Any CPU.Build.0 = Debug|Any CPU
		{0DD06E07-B018-4F76-9475-4B20EF11248C}.Release|Any CPU.ActiveCfg = Release|Any CPU
		{0DD06E07-B018-4F76-9475-4B20EF11248C}.Release|Any CPU.Build.0 = Release|Any CPU
		{8AC8ADDD-4B97-4847-8BEF-CF9C014E2F94}.Debug|Any CPU.ActiveCfg = Debug|Any CPU
		{8AC8ADDD-4B97-4847-8BEF-CF9C014E2F94}.Debug|Any CPU.Build.0 = Debug|Any CPU
		{8AC8ADDD-4B97-4847-8BEF-CF9C014E2F94}.Release|Any CPU.ActiveCfg = Release|Any CPU
		{8AC8ADDD-4B97-4847-8BEF-CF9C014E2F94}.Release|Any CPU.Build.0 = Release|Any CPU
	EndGlobalSection
	GlobalSection(SolutionProperties) = preSolution
		HideSolutionNode = FALSE
	EndGlobalSection
	GlobalSection(ExtensibilityGlobals) = postSolution
		SolutionGuid = {DA1EFBDF-5054-4427-AB1C-F8D86BB14CFA}
	EndGlobalSection
EndGlobal
