
Microsoft Visual Studio Solution File, Format Version 12.00
# Visual Studio 15
VisualStudioVersion = 15.0.27130.2010
MinimumVisualStudioVersion = 10.0.40219.1
Project("{2150E333-8FDC-42A3-9474-1A3956D46DE8}") = "Solution Items", "Solution Items", "{5B382604-C6DA-414F-897F-492A50E6BFC3}"
	ProjectSection(SolutionItems) = preProject
		Global.json = Global.json
		History.txt = History.txt
		README.md = README.md
		Solution.json = Solution.json
	EndProjectSection
EndProject
Project("{00D1A9C2-B5F0-4AF3-8072-F6C62B433612}") = "Database", "Database\Database.sqlproj", "{996E03E6-34AC-48C6-88A9-7B3F14F4065E}"
EndProject
Project("{FAE04EC0-301F-11D3-BF4B-00C04F79EFBC}") = "Contract", "Contract\Contract.csproj", "{64533A94-96E6-4797-B5ED-1C63ED979797}"
EndProject
Project("{FAE04EC0-301F-11D3-BF4B-00C04F79EFBC}") = "Data", "Data\Data.csproj", "{01A5D7C2-CE08-4324-BFE4-0224F12E722F}"
EndProject
Project("{FAE04EC0-301F-11D3-BF4B-00C04F79EFBC}") = "Business", "Business\Business.csproj", "{AF59D72C-3606-4EFE-838D-70266B20265E}"
EndProject
Project("{FAE04EC0-301F-11D3-BF4B-00C04F79EFBC}") = "Proxy", "Proxy\Proxy.csproj", "{6AC14C6F-C0A5-4FB9-9CC4-D142A522D996}"
EndProject
Project("{FAE04EC0-301F-11D3-BF4B-00C04F79EFBC}") = "WinForm", "WinForm\WinForm.csproj", "{404D5B56-AF3C-4F56-9A66-F7101804D049}"
EndProject
Project("{FAE04EC0-301F-11D3-BF4B-00C04F79EFBC}") = "Web", "Web\Web.csproj", "{7657FE79-018B-4548-888D-F85A5E50A4B9}"
EndProject
Project("{9A19103F-16F7-4668-BE54-9A1E7A4F7556}") = "ASP", "ASP\ASP.csproj", "{3BAEBC67-3DFB-4AE6-9C9D-C25FE1636267}"
EndProject
Project("{9A19103F-16F7-4668-BE54-9A1E7A4F7556}") = "DatabaseManager", "DatabaseManager\DatabaseManager.csproj", "{0DD06E07-B018-4F76-9475-4B20EF11248C}"
EndProject
Project("{978C614F-708E-4E1A-B201-565925725DBA}") = "WindowsSetup", "WindowsSetup\WindowsSetup.vdproj", "{A4DEE2DC-EEF1-4B1B-9905-1EE06BDF9A4D}"
EndProject
Project("{FAE04EC0-301F-11D3-BF4B-00C04F79EFBC}") = "Test", "Test\Test.csproj", "{8AC8ADDD-4B97-4847-8BEF-CF9C014E2F94}"
EndProject
Project("{2150E333-8FDC-42A3-9474-1A3956D46DE8}") = "database", "database", "{B73D7BC6-977D-448B-8778-8ECCAF2E2F6D}"
EndProject
Project("{2150E333-8FDC-42A3-9474-1A3956D46DE8}") = "dotNetFramework", "dotNetFramework", "{B424DD7C-920F-40A9-BE94-BB4BDAB21A9D}"
EndProject
Project("{2150E333-8FDC-42A3-9474-1A3956D46DE8}") = "dotNetCore", "dotNetCore", "{3C42E786-007D-4FE6-A5DA-6286FD69EF2D}"
EndProject
Global
	GlobalSection(SolutionConfigurationPlatforms) = preSolution
		Debug|Any CPU = Debug|Any CPU
		Release|Any CPU = Release|Any CPU
	EndGlobalSection
	GlobalSection(NestedProjects) = preSolution
		{8ac8addd-4b97-4847-8bef-cf9c014e2f94} = {b424dd7c-920f-40a9-be94-bb4bdab21a9d}
		{a4dee2dc-eef1-4b1b-9905-1ee06bdf9a4d} = {b424dd7c-920f-40a9-be94-bb4bdab21a9d}
		{0dd06e07-b018-4f76-9475-4b20ef11248c} = {b73d7bc6-977d-448b-8778-8eccaf2e2f6d}
		{3baebc67-3dfb-4ae6-9c9d-c25fe1636267} = {3c42e786-007d-4fe6-a5da-6286fd69ef2d}
		{7657fe79-018b-4548-888d-f85a5e50a4b9} = {b424dd7c-920f-40a9-be94-bb4bdab21a9d}
		{404d5b56-af3c-4f56-9a66-f7101804d049} = {b424dd7c-920f-40a9-be94-bb4bdab21a9d}
		{6ac14c6f-c0a5-4fb9-9cc4-d142a522d996} = {b424dd7c-920f-40a9-be94-bb4bdab21a9d}
		{af59d72c-3606-4efe-838d-70266b20265e} = {b424dd7c-920f-40a9-be94-bb4bdab21a9d}
		{01a5d7c2-ce08-4324-bfe4-0224f12e722f} = {b424dd7c-920f-40a9-be94-bb4bdab21a9d}
		{64533a94-96e6-4797-b5ed-1c63ed979797} = {b424dd7c-920f-40a9-be94-bb4bdab21a9d}
		{996e03e6-34ac-48c6-88a9-7b3f14f4065e} = {b73d7bc6-977d-448b-8778-8eccaf2e2f6d}
	EndGlobalSection
	GlobalSection(ProjectConfigurationPlatforms) = postSolution
		{996E03E6-34AC-48C6-88A9-7B3F14F4065E}.Debug|Any CPU.ActiveCfg = Debug|Any CPU
		{996E03E6-34AC-48C6-88A9-7B3F14F4065E}.Debug|Any CPU.Build.0 = Debug|Any CPU
		{996E03E6-34AC-48C6-88A9-7B3F14F4065E}.Debug|Any CPU.Deploy.0 = Debug|Any CPU
		{996E03E6-34AC-48C6-88A9-7B3F14F4065E}.Release|Any CPU.ActiveCfg = Release|Any CPU
		{996E03E6-34AC-48C6-88A9-7B3F14F4065E}.Release|Any CPU.Build.0 = Release|Any CPU
		{996E03E6-34AC-48C6-88A9-7B3F14F4065E}.Release|Any CPU.Deploy.0 = Release|Any CPU
		{64533A94-96E6-4797-B5ED-1C63ED979797}.Debug|Any CPU.ActiveCfg = Debug|Any CPU
		{64533A94-96E6-4797-B5ED-1C63ED979797}.Debug|Any CPU.Build.0 = Debug|Any CPU
		{64533A94-96E6-4797-B5ED-1C63ED979797}.Release|Any CPU.ActiveCfg = Release|Any CPU
		{64533A94-96E6-4797-B5ED-1C63ED979797}.Release|Any CPU.Build.0 = Release|Any CPU
		{01A5D7C2-CE08-4324-BFE4-0224F12E722F}.Debug|Any CPU.ActiveCfg = Debug|Any CPU
		{01A5D7C2-CE08-4324-BFE4-0224F12E722F}.Debug|Any CPU.Build.0 = Debug|Any CPU
		{01A5D7C2-CE08-4324-BFE4-0224F12E722F}.Release|Any CPU.ActiveCfg = Release|Any CPU
		{01A5D7C2-CE08-4324-BFE4-0224F12E722F}.Release|Any CPU.Build.0 = Release|Any CPU
		{AF59D72C-3606-4EFE-838D-70266B20265E}.Debug|Any CPU.ActiveCfg = Debug|Any CPU
		{AF59D72C-3606-4EFE-838D-70266B20265E}.Debug|Any CPU.Build.0 = Debug|Any CPU
		{AF59D72C-3606-4EFE-838D-70266B20265E}.Release|Any CPU.ActiveCfg = Release|Any CPU
		{AF59D72C-3606-4EFE-838D-70266B20265E}.Release|Any CPU.Build.0 = Release|Any CPU
		{6AC14C6F-C0A5-4FB9-9CC4-D142A522D996}.Debug|Any CPU.ActiveCfg = Debug|Any CPU
		{6AC14C6F-C0A5-4FB9-9CC4-D142A522D996}.Debug|Any CPU.Build.0 = Debug|Any CPU
		{6AC14C6F-C0A5-4FB9-9CC4-D142A522D996}.Release|Any CPU.ActiveCfg = Release|Any CPU
		{6AC14C6F-C0A5-4FB9-9CC4-D142A522D996}.Release|Any CPU.Build.0 = Release|Any CPU
		{404D5B56-AF3C-4F56-9A66-F7101804D049}.Debug|Any CPU.ActiveCfg = Debug|Any CPU
		{404D5B56-AF3C-4F56-9A66-F7101804D049}.Debug|Any CPU.Build.0 = Debug|Any CPU
		{404D5B56-AF3C-4F56-9A66-F7101804D049}.Release|Any CPU.ActiveCfg = Release|Any CPU
		{404D5B56-AF3C-4F56-9A66-F7101804D049}.Release|Any CPU.Build.0 = Release|Any CPU
		{7657FE79-018B-4548-888D-F85A5E50A4B9}.Debug|Any CPU.ActiveCfg = Debug|Any CPU
		{7657FE79-018B-4548-888D-F85A5E50A4B9}.Debug|Any CPU.Build.0 = Debug|Any CPU
		{7657FE79-018B-4548-888D-F85A5E50A4B9}.Release|Any CPU.ActiveCfg = Release|Any CPU
		{7657FE79-018B-4548-888D-F85A5E50A4B9}.Release|Any CPU.Build.0 = Release|Any CPU
		{3BAEBC67-3DFB-4AE6-9C9D-C25FE1636267}.Debug|Any CPU.ActiveCfg = Debug|Any CPU
		{3BAEBC67-3DFB-4AE6-9C9D-C25FE1636267}.Debug|Any CPU.Build.0 = Debug|Any CPU
		{3BAEBC67-3DFB-4AE6-9C9D-C25FE1636267}.Release|Any CPU.ActiveCfg = Release|Any CPU
		{3BAEBC67-3DFB-4AE6-9C9D-C25FE1636267}.Release|Any CPU.Build.0 = Release|Any CPU
		{0DD06E07-B018-4F76-9475-4B20EF11248C}.Debug|Any CPU.ActiveCfg = Debug|Any CPU
		{0DD06E07-B018-4F76-9475-4B20EF11248C}.Debug|Any CPU.Build.0 = Debug|Any CPU
		{0DD06E07-B018-4F76-9475-4B20EF11248C}.Release|Any CPU.ActiveCfg = Release|Any CPU
		{0DD06E07-B018-4F76-9475-4B20EF11248C}.Release|Any CPU.Build.0 = Release|Any CPU
		{8AC8ADDD-4B97-4847-8BEF-CF9C014E2F94}.Debug|Any CPU.ActiveCfg = Debug|Any CPU
		{8AC8ADDD-4B97-4847-8BEF-CF9C014E2F94}.Debug|Any CPU.Build.0 = Debug|Any CPU
		{8AC8ADDD-4B97-4847-8BEF-CF9C014E2F94}.Release|Any CPU.ActiveCfg = Release|Any CPU
		{8AC8ADDD-4B97-4847-8BEF-CF9C014E2F94}.Release|Any CPU.Build.0 = Release|Any CPU
	EndGlobalSection
	GlobalSection(SolutionProperties) = preSolution
		HideSolutionNode = FALSE
	EndGlobalSection
	GlobalSection(ExtensibilityGlobals) = postSolution
		SolutionGuid = {6772DAD5-FAF6-4996-AC1D-2E68B2F7C8B0}
	EndGlobalSection
EndGlobal
