
Microsoft Visual Studio Solution File, Format Version 12.00
# Visual Studio 15
VisualStudioVersion = 15.0.27130.2010
MinimumVisualStudioVersion = 10.0.40219.1
Project("{FAE04EC0-301F-11D3-BF4B-00C04F79EFBC}") = "Contract", "Contract.csproj", "{E671CB81-B3D5-4AC4-9607-3FA4CC47D123}"
EndProject
Global
	GlobalSection(SolutionConfigurationPlatforms) = preSolution
		Debug|Any CPU = Debug|Any CPU
		Release|Any CPU = Release|Any CPU
	EndGlobalSection
	GlobalSection(ProjectConfigurationPlatforms) = postSolution
		{E671CB81-B3D5-4AC4-9607-3FA4CC47D123}.Debug|Any CPU.ActiveCfg = Debug|Any CPU
		{E671CB81-B3D5-4AC4-9607-3FA4CC47D123}.Debug|Any CPU.Build.0 = Debug|Any CPU
		{E671CB81-B3D5-4AC4-9607-3FA4CC47D123}.Release|Any CPU.ActiveCfg = Release|Any CPU
		{E671CB81-B3D5-4AC4-9607-3FA4CC47D123}.Release|Any CPU.Build.0 = Release|Any CPU
	EndGlobalSection
	GlobalSection(SolutionProperties) = preSolution
		HideSolutionNode = FALSE
	EndGlobalSection
	GlobalSection(ExtensibilityGlobals) = postSolution
		SolutionGuid = {D67F8EBD-9287-432B-A006-9E3E1A49FF85}
	EndGlobalSection
EndGlobal
