
Microsoft Visual Studio Solution File, Format Version 12.00
# Visual Studio 15
VisualStudioVersion = 15.0.27130.2010
MinimumVisualStudioVersion = 10.0.40219.1
Project("{FAE04EC0-301F-11D3-BF4B-00C04F79EFBC}") = "Contract", "Contract.csproj", "{D643B662-21B0-42AF-925D-0CD9711A75C4}"
EndProject
Global
	GlobalSection(SolutionConfigurationPlatforms) = preSolution
		Debug|Any CPU = Debug|Any CPU
		Release|Any CPU = Release|Any CPU
	EndGlobalSection
	GlobalSection(ProjectConfigurationPlatforms) = postSolution
		{D643B662-21B0-42AF-925D-0CD9711A75C4}.Debug|Any CPU.ActiveCfg = Debug|Any CPU
		{D643B662-21B0-42AF-925D-0CD9711A75C4}.Debug|Any CPU.Build.0 = Debug|Any CPU
		{D643B662-21B0-42AF-925D-0CD9711A75C4}.Release|Any CPU.ActiveCfg = Release|Any CPU
		{D643B662-21B0-42AF-925D-0CD9711A75C4}.Release|Any CPU.Build.0 = Release|Any CPU
	EndGlobalSection
	GlobalSection(SolutionProperties) = preSolution
		HideSolutionNode = FALSE
	EndGlobalSection
	GlobalSection(ExtensibilityGlobals) = postSolution
		SolutionGuid = {17BF4746-23A9-40D0-AE19-B7278B1DD5B5}
	EndGlobalSection
EndGlobal
