
Microsoft Visual Studio Solution File, Format Version 12.00
# Visual Studio 15
VisualStudioVersion = 15.0.27130.2010
MinimumVisualStudioVersion = 10.0.40219.1
Project("{FAE04EC0-301F-11D3-BF4B-00C04F79EFBC}") = "WinForm", "WinForm.csproj", "{B6F821AF-0559-4F40-BF69-507A0F05C736}"
EndProject
Global
	GlobalSection(SolutionConfigurationPlatforms) = preSolution
		Debug|Any CPU = Debug|Any CPU
		Release|Any CPU = Release|Any CPU
	EndGlobalSection
	GlobalSection(ProjectConfigurationPlatforms) = postSolution
		{B6F821AF-0559-4F40-BF69-507A0F05C736}.Debug|Any CPU.ActiveCfg = Debug|Any CPU
		{B6F821AF-0559-4F40-BF69-507A0F05C736}.Debug|Any CPU.Build.0 = Debug|Any CPU
		{B6F821AF-0559-4F40-BF69-507A0F05C736}.Release|Any CPU.ActiveCfg = Release|Any CPU
		{B6F821AF-0559-4F40-BF69-507A0F05C736}.Release|Any CPU.Build.0 = Release|Any CPU
	EndGlobalSection
	GlobalSection(SolutionProperties) = preSolution
		HideSolutionNode = FALSE
	EndGlobalSection
	GlobalSection(ExtensibilityGlobals) = postSolution
		SolutionGuid = {C2C3C344-4391-41EE-9320-A30203F29129}
	EndGlobalSection
EndGlobal
