
Microsoft Visual Studio Solution File, Format Version 12.00
# Visual Studio 15
VisualStudioVersion = 15.0.27130.2010
MinimumVisualStudioVersion = 10.0.40219.1
Project("{FAE04EC0-301F-11D3-BF4B-00C04F79EFBC}") = "WinForm", "WinForm.csproj", "{98B9D509-0C17-4851-954A-C6EB78BCD8EC}"
EndProject
Global
	GlobalSection(SolutionConfigurationPlatforms) = preSolution
		Debug|Any CPU = Debug|Any CPU
		Release|Any CPU = Release|Any CPU
	EndGlobalSection
	GlobalSection(ProjectConfigurationPlatforms) = postSolution
		{98B9D509-0C17-4851-954A-C6EB78BCD8EC}.Debug|Any CPU.ActiveCfg = Debug|Any CPU
		{98B9D509-0C17-4851-954A-C6EB78BCD8EC}.Debug|Any CPU.Build.0 = Debug|Any CPU
		{98B9D509-0C17-4851-954A-C6EB78BCD8EC}.Release|Any CPU.ActiveCfg = Release|Any CPU
		{98B9D509-0C17-4851-954A-C6EB78BCD8EC}.Release|Any CPU.Build.0 = Release|Any CPU
	EndGlobalSection
	GlobalSection(SolutionProperties) = preSolution
		HideSolutionNode = FALSE
	EndGlobalSection
	GlobalSection(ExtensibilityGlobals) = postSolution
		SolutionGuid = {227CA44C-2CF6-4486-BDB6-4C1C33B7BEC0}
	EndGlobalSection
EndGlobal
