
Microsoft Visual Studio Solution File, Format Version 12.00
# Visual Studio 15
VisualStudioVersion = 15.0.27130.2010
MinimumVisualStudioVersion = 10.0.40219.1
Project("{FAE04EC0-301F-11D3-BF4B-00C04F79EFBC}") = "Proxy", "Proxy.csproj", "{EBD0D7E1-20E9-43CE-95BC-17F9454A2B6F}"
EndProject
Global
	GlobalSection(SolutionConfigurationPlatforms) = preSolution
		Debug|Any CPU = Debug|Any CPU
		Release|Any CPU = Release|Any CPU
	EndGlobalSection
	GlobalSection(ProjectConfigurationPlatforms) = postSolution
		{EBD0D7E1-20E9-43CE-95BC-17F9454A2B6F}.Debug|Any CPU.ActiveCfg = Debug|Any CPU
		{EBD0D7E1-20E9-43CE-95BC-17F9454A2B6F}.Debug|Any CPU.Build.0 = Debug|Any CPU
		{EBD0D7E1-20E9-43CE-95BC-17F9454A2B6F}.Release|Any CPU.ActiveCfg = Release|Any CPU
		{EBD0D7E1-20E9-43CE-95BC-17F9454A2B6F}.Release|Any CPU.Build.0 = Release|Any CPU
	EndGlobalSection
	GlobalSection(SolutionProperties) = preSolution
		HideSolutionNode = FALSE
	EndGlobalSection
	GlobalSection(ExtensibilityGlobals) = postSolution
		SolutionGuid = {3CC38D08-CA9E-46D0-8393-35DD3C40536A}
	EndGlobalSection
EndGlobal
