
Microsoft Visual Studio Solution File, Format Version 12.00
# Visual Studio 15
VisualStudioVersion = 15.0.27130.2010
MinimumVisualStudioVersion = 10.0.40219.1
Project("{FAE04EC0-301F-11D3-BF4B-00C04F79EFBC}") = "Proxy", "Proxy.csproj", "{7D9213EC-61EC-4BF1-9956-EDAA03C93530}"
EndProject
Global
	GlobalSection(SolutionConfigurationPlatforms) = preSolution
		Debug|Any CPU = Debug|Any CPU
		Release|Any CPU = Release|Any CPU
	EndGlobalSection
	GlobalSection(ProjectConfigurationPlatforms) = postSolution
		{7D9213EC-61EC-4BF1-9956-EDAA03C93530}.Debug|Any CPU.ActiveCfg = Debug|Any CPU
		{7D9213EC-61EC-4BF1-9956-EDAA03C93530}.Debug|Any CPU.Build.0 = Debug|Any CPU
		{7D9213EC-61EC-4BF1-9956-EDAA03C93530}.Release|Any CPU.ActiveCfg = Release|Any CPU
		{7D9213EC-61EC-4BF1-9956-EDAA03C93530}.Release|Any CPU.Build.0 = Release|Any CPU
	EndGlobalSection
	GlobalSection(SolutionProperties) = preSolution
		HideSolutionNode = FALSE
	EndGlobalSection
	GlobalSection(ExtensibilityGlobals) = postSolution
		SolutionGuid = {B1FA2065-FEA7-4AB0-B951-750719FB371D}
	EndGlobalSection
EndGlobal
