
Microsoft Visual Studio Solution File, Format Version 12.00
# Visual Studio 15
VisualStudioVersion = 15.0.27130.2010
MinimumVisualStudioVersion = 10.0.40219.1
Project("{FAE04EC0-301F-11D3-BF4B-00C04F79EFBC}") = "Proxy", "Proxy.csproj", "{79C4EBFE-F0D1-4A25-A6B4-440B3F0ACAE0}"
EndProject
Global
	GlobalSection(SolutionConfigurationPlatforms) = preSolution
		Debug|Any CPU = Debug|Any CPU
		Release|Any CPU = Release|Any CPU
	EndGlobalSection
	GlobalSection(ProjectConfigurationPlatforms) = postSolution
		{79C4EBFE-F0D1-4A25-A6B4-440B3F0ACAE0}.Debug|Any CPU.ActiveCfg = Debug|Any CPU
		{79C4EBFE-F0D1-4A25-A6B4-440B3F0ACAE0}.Debug|Any CPU.Build.0 = Debug|Any CPU
		{79C4EBFE-F0D1-4A25-A6B4-440B3F0ACAE0}.Release|Any CPU.ActiveCfg = Release|Any CPU
		{79C4EBFE-F0D1-4A25-A6B4-440B3F0ACAE0}.Release|Any CPU.Build.0 = Release|Any CPU
	EndGlobalSection
	GlobalSection(SolutionProperties) = preSolution
		HideSolutionNode = FALSE
	EndGlobalSection
	GlobalSection(ExtensibilityGlobals) = postSolution
		SolutionGuid = {103F439A-C784-4575-A4F6-2FE2907B9F8B}
	EndGlobalSection
EndGlobal
