
Microsoft Visual Studio Solution File, Format Version 12.00
# Visual Studio 15
VisualStudioVersion = 15.0.27130.2010
MinimumVisualStudioVersion = 10.0.40219.1
Project("{FAE04EC0-301F-11D3-BF4B-00C04F79EFBC}") = "Data", "Data.csproj", "{058F1334-3DF0-4B91-9BD4-03675272864A}"
EndProject
Global
	GlobalSection(SolutionConfigurationPlatforms) = preSolution
		Debug|Any CPU = Debug|Any CPU
		Release|Any CPU = Release|Any CPU
	EndGlobalSection
	GlobalSection(ProjectConfigurationPlatforms) = postSolution
		{058F1334-3DF0-4B91-9BD4-03675272864A}.Debug|Any CPU.ActiveCfg = Debug|Any CPU
		{058F1334-3DF0-4B91-9BD4-03675272864A}.Debug|Any CPU.Build.0 = Debug|Any CPU
		{058F1334-3DF0-4B91-9BD4-03675272864A}.Release|Any CPU.ActiveCfg = Release|Any CPU
		{058F1334-3DF0-4B91-9BD4-03675272864A}.Release|Any CPU.Build.0 = Release|Any CPU
	EndGlobalSection
	GlobalSection(SolutionProperties) = preSolution
		HideSolutionNode = FALSE
	EndGlobalSection
	GlobalSection(ExtensibilityGlobals) = postSolution
		SolutionGuid = {115B0BA2-CD7B-4087-AF6A-4717F9D3E874}
	EndGlobalSection
EndGlobal
