
Microsoft Visual Studio Solution File, Format Version 12.00
# Visual Studio 15
VisualStudioVersion = 15.0.27130.2010
MinimumVisualStudioVersion = 10.0.40219.1
Project("{FAE04EC0-301F-11D3-BF4B-00C04F79EFBC}") = "Data", "Data.csproj", "{E2AA68FE-EED1-489A-B6E7-8939C7C73DDC}"
EndProject
Global
	GlobalSection(SolutionConfigurationPlatforms) = preSolution
		Debug|Any CPU = Debug|Any CPU
		Release|Any CPU = Release|Any CPU
	EndGlobalSection
	GlobalSection(ProjectConfigurationPlatforms) = postSolution
		{E2AA68FE-EED1-489A-B6E7-8939C7C73DDC}.Debug|Any CPU.ActiveCfg = Debug|Any CPU
		{E2AA68FE-EED1-489A-B6E7-8939C7C73DDC}.Debug|Any CPU.Build.0 = Debug|Any CPU
		{E2AA68FE-EED1-489A-B6E7-8939C7C73DDC}.Release|Any CPU.ActiveCfg = Release|Any CPU
		{E2AA68FE-EED1-489A-B6E7-8939C7C73DDC}.Release|Any CPU.Build.0 = Release|Any CPU
	EndGlobalSection
	GlobalSection(SolutionProperties) = preSolution
		HideSolutionNode = FALSE
	EndGlobalSection
	GlobalSection(ExtensibilityGlobals) = postSolution
		SolutionGuid = {CA8D682A-962E-4FEB-A875-C8D83CCD114B}
	EndGlobalSection
EndGlobal
